
Microsoft Visual Studio Solution File, Format Version 12.00
# Visual Studio Version 17
VisualStudioVersion = 17.0.31612.314
MinimumVisualStudioVersion = 15.0.26124.0
Project("{9A19103F-16F7-4668-BE54-9A1E7A4F7556}") = "ReactiveMarbles.PropertyChanged", "ReactiveMarbles.PropertyChanged\ReactiveMarbles.PropertyChanged.csproj", "{15B3E9B3-869B-4692-ADBB-A57E47C7D3DA}"
EndProject
Project("{9A19103F-16F7-4668-BE54-9A1E7A4F7556}") = "ReactiveMarbles.PropertyChanged.Tests", "ReactiveMarbles.PropertyChanged.Tests\ReactiveMarbles.PropertyChanged.Tests.csproj", "{211669E0-34C1-48EF-B59C-C5271F721D38}"
EndProject
Project("{2150E333-8FDC-42A3-9474-1A3956D46DE8}") = "Solution Items", "Solution Items", "{15316C41-0C07-4A56-894A-43E2E2C4296A}"
	ProjectSection(SolutionItems) = preProject
		..\.editorconfig = ..\.editorconfig
		Directory.Build.props = Directory.Build.props
		Directory.build.targets = Directory.build.targets
		global.json = global.json
		..\README.md = ..\README.md
		stylecop.json = stylecop.json
	EndProjectSection
EndProject
Project("{9A19103F-16F7-4668-BE54-9A1E7A4F7556}") = "ReactiveMarbles.PropertyChanged.Benchmarks", "ReactiveMarbles.PropertyChanged.Benchmarks\ReactiveMarbles.PropertyChanged.Benchmarks.csproj", "{DFE06734-1998-4ED1-B0BB-75DC718347B9}"
EndProject
Project("{2150E333-8FDC-42A3-9474-1A3956D46DE8}") = "docs", "docs", "{E954835B-48AD-4092-87A8-D0FB0C43DB99}"
	ProjectSection(SolutionItems) = preProject
		..\docs\Performance.md = ..\docs\Performance.md
		..\docs\ReactiveMarbles.PropertyChanged.Benchmarks.BindBenchmarks-report-github.md = ..\docs\ReactiveMarbles.PropertyChanged.Benchmarks.BindBenchmarks-report-github.md
		..\docs\ReactiveMarbles.PropertyChanged.Benchmarks.PropertyChangesBenchmarks-report-github.md = ..\docs\ReactiveMarbles.PropertyChanged.Benchmarks.PropertyChangesBenchmarks-report-github.md
	EndProjectSection
EndProject
Project("{9A19103F-16F7-4668-BE54-9A1E7A4F7556}") = "ReactiveMarbles.PropertyChanged.SourceGenerator", "ReactiveMarbles.PropertyChanged.SourceGenerator\ReactiveMarbles.PropertyChanged.SourceGenerator.csproj", "{C4980306-98CD-4A1B-829D-C24C38710F8E}"
EndProject
Project("{9A19103F-16F7-4668-BE54-9A1E7A4F7556}") = "ReactiveMarbles.PropertyChanged.SourceGenerator.Sample", "ReactiveMarbles.PropertyChanged.SourceGenerator.Sample\ReactiveMarbles.PropertyChanged.SourceGenerator.Sample.csproj", "{EA0CB6DC-02CA-4844-90AD-392C40190BC9}"
EndProject
Project("{9A19103F-16F7-4668-BE54-9A1E7A4F7556}") = "ReactiveMarbles.PropertyChanged.SourceGenerator.Tests", "ReactiveMarbles.PropertyChanged.SourceGenerator.Tests\ReactiveMarbles.PropertyChanged.SourceGenerator.Tests.csproj", "{CFB56B15-DD0E-4055-A62F-D6E72976CC8F}"
EndProject
Project("{9A19103F-16F7-4668-BE54-9A1E7A4F7556}") = "ReactiveMarbles.PropertyChanged.SourceGenerator.Benchmarks", "ReactiveMarbles.PropertyChanged.SourceGenerator.Benchmarks\ReactiveMarbles.PropertyChanged.SourceGenerator.Benchmarks.csproj", "{EC6384E6-CC7E-4D7A-BD78-8E155B16B1B1}"
EndProject
Project("{9A19103F-16F7-4668-BE54-9A1E7A4F7556}") = "ReactiveMarbles.PropertyChanged.SourceGenerator.Builders", "ReactiveMarbles.PropertyChanged.SourceGenerator.Builders\ReactiveMarbles.PropertyChanged.SourceGenerator.Builders.csproj", "{384B9AD3-586E-4D07-9B9C-1260682FB3A2}"
EndProject
Global
	GlobalSection(SolutionConfigurationPlatforms) = preSolution
		Debug|Any CPU = Debug|Any CPU
		Debug|x64 = Debug|x64
		Debug|x86 = Debug|x86
		Release|Any CPU = Release|Any CPU
		Release|x64 = Release|x64
		Release|x86 = Release|x86
	EndGlobalSection
	GlobalSection(ProjectConfigurationPlatforms) = postSolution
		{15B3E9B3-869B-4692-ADBB-A57E47C7D3DA}.Debug|Any CPU.ActiveCfg = Debug|Any CPU
		{15B3E9B3-869B-4692-ADBB-A57E47C7D3DA}.Debug|Any CPU.Build.0 = Debug|Any CPU
		{15B3E9B3-869B-4692-ADBB-A57E47C7D3DA}.Debug|x64.ActiveCfg = Debug|Any CPU
		{15B3E9B3-869B-4692-ADBB-A57E47C7D3DA}.Debug|x64.Build.0 = Debug|Any CPU
		{15B3E9B3-869B-4692-ADBB-A57E47C7D3DA}.Debug|x86.ActiveCfg = Debug|Any CPU
		{15B3E9B3-869B-4692-ADBB-A57E47C7D3DA}.Debug|x86.Build.0 = Debug|Any CPU
		{15B3E9B3-869B-4692-ADBB-A57E47C7D3DA}.Release|Any CPU.ActiveCfg = Release|Any CPU
		{15B3E9B3-869B-4692-ADBB-A57E47C7D3DA}.Release|Any CPU.Build.0 = Release|Any CPU
		{15B3E9B3-869B-4692-ADBB-A57E47C7D3DA}.Release|x64.ActiveCfg = Release|Any CPU
		{15B3E9B3-869B-4692-ADBB-A57E47C7D3DA}.Release|x64.Build.0 = Release|Any CPU
		{15B3E9B3-869B-4692-ADBB-A57E47C7D3DA}.Release|x86.ActiveCfg = Release|Any CPU
		{15B3E9B3-869B-4692-ADBB-A57E47C7D3DA}.Release|x86.Build.0 = Release|Any CPU
		{211669E0-34C1-48EF-B59C-C5271F721D38}.Debug|Any CPU.ActiveCfg = Debug|Any CPU
		{211669E0-34C1-48EF-B59C-C5271F721D38}.Debug|Any CPU.Build.0 = Debug|Any CPU
		{211669E0-34C1-48EF-B59C-C5271F721D38}.Debug|x64.ActiveCfg = Debug|Any CPU
		{211669E0-34C1-48EF-B59C-C5271F721D38}.Debug|x64.Build.0 = Debug|Any CPU
		{211669E0-34C1-48EF-B59C-C5271F721D38}.Debug|x86.ActiveCfg = Debug|Any CPU
		{211669E0-34C1-48EF-B59C-C5271F721D38}.Debug|x86.Build.0 = Debug|Any CPU
		{211669E0-34C1-48EF-B59C-C5271F721D38}.Release|Any CPU.ActiveCfg = Release|Any CPU
		{211669E0-34C1-48EF-B59C-C5271F721D38}.Release|Any CPU.Build.0 = Release|Any CPU
		{211669E0-34C1-48EF-B59C-C5271F721D38}.Release|x64.ActiveCfg = Release|Any CPU
		{211669E0-34C1-48EF-B59C-C5271F721D38}.Release|x64.Build.0 = Release|Any CPU
		{211669E0-34C1-48EF-B59C-C5271F721D38}.Release|x86.ActiveCfg = Release|Any CPU
		{211669E0-34C1-48EF-B59C-C5271F721D38}.Release|x86.Build.0 = Release|Any CPU
		{DFE06734-1998-4ED1-B0BB-75DC718347B9}.Debug|Any CPU.ActiveCfg = Debug|Any CPU
		{DFE06734-1998-4ED1-B0BB-75DC718347B9}.Debug|Any CPU.Build.0 = Debug|Any CPU
		{DFE06734-1998-4ED1-B0BB-75DC718347B9}.Debug|x64.ActiveCfg = Debug|Any CPU
		{DFE06734-1998-4ED1-B0BB-75DC718347B9}.Debug|x64.Build.0 = Debug|Any CPU
		{DFE06734-1998-4ED1-B0BB-75DC718347B9}.Debug|x86.ActiveCfg = Debug|Any CPU
		{DFE06734-1998-4ED1-B0BB-75DC718347B9}.Debug|x86.Build.0 = Debug|Any CPU
		{DFE06734-1998-4ED1-B0BB-75DC718347B9}.Release|Any CPU.ActiveCfg = Release|Any CPU
		{DFE06734-1998-4ED1-B0BB-75DC718347B9}.Release|Any CPU.Build.0 = Release|Any CPU
		{DFE06734-1998-4ED1-B0BB-75DC718347B9}.Release|x64.ActiveCfg = Release|Any CPU
		{DFE06734-1998-4ED1-B0BB-75DC718347B9}.Release|x64.Build.0 = Release|Any CPU
		{DFE06734-1998-4ED1-B0BB-75DC718347B9}.Release|x86.ActiveCfg = Release|Any CPU
		{DFE06734-1998-4ED1-B0BB-75DC718347B9}.Release|x86.Build.0 = Release|Any CPU
		{C4980306-98CD-4A1B-829D-C24C38710F8E}.Debug|Any CPU.ActiveCfg = Debug|Any CPU
		{C4980306-98CD-4A1B-829D-C24C38710F8E}.Debug|Any CPU.Build.0 = Debug|Any CPU
		{C4980306-98CD-4A1B-829D-C24C38710F8E}.Debug|x64.ActiveCfg = Debug|Any CPU
		{C4980306-98CD-4A1B-829D-C24C38710F8E}.Debug|x64.Build.0 = Debug|Any CPU
		{C4980306-98CD-4A1B-829D-C24C38710F8E}.Debug|x86.ActiveCfg = Debug|Any CPU
		{C4980306-98CD-4A1B-829D-C24C38710F8E}.Debug|x86.Build.0 = Debug|Any CPU
		{C4980306-98CD-4A1B-829D-C24C38710F8E}.Release|Any CPU.ActiveCfg = Release|Any CPU
		{C4980306-98CD-4A1B-829D-C24C38710F8E}.Release|Any CPU.Build.0 = Release|Any CPU
		{C4980306-98CD-4A1B-829D-C24C38710F8E}.Release|x64.ActiveCfg = Release|Any CPU
		{C4980306-98CD-4A1B-829D-C24C38710F8E}.Release|x64.Build.0 = Release|Any CPU
		{C4980306-98CD-4A1B-829D-C24C38710F8E}.Release|x86.ActiveCfg = Release|Any CPU
		{C4980306-98CD-4A1B-829D-C24C38710F8E}.Release|x86.Build.0 = Release|Any CPU
		{EA0CB6DC-02CA-4844-90AD-392C40190BC9}.Debug|Any CPU.ActiveCfg = Debug|Any CPU
		{EA0CB6DC-02CA-4844-90AD-392C40190BC9}.Debug|Any CPU.Build.0 = Debug|Any CPU
		{EA0CB6DC-02CA-4844-90AD-392C40190BC9}.Debug|x64.ActiveCfg = Debug|Any CPU
		{EA0CB6DC-02CA-4844-90AD-392C40190BC9}.Debug|x64.Build.0 = Debug|Any CPU
		{EA0CB6DC-02CA-4844-90AD-392C40190BC9}.Debug|x86.ActiveCfg = Debug|Any CPU
		{EA0CB6DC-02CA-4844-90AD-392C40190BC9}.Debug|x86.Build.0 = Debug|Any CPU
		{EA0CB6DC-02CA-4844-90AD-392C40190BC9}.Release|Any CPU.ActiveCfg = Release|Any CPU
		{EA0CB6DC-02CA-4844-90AD-392C40190BC9}.Release|Any CPU.Build.0 = Release|Any CPU
		{EA0CB6DC-02CA-4844-90AD-392C40190BC9}.Release|x64.ActiveCfg = Release|Any CPU
		{EA0CB6DC-02CA-4844-90AD-392C40190BC9}.Release|x64.Build.0 = Release|Any CPU
		{EA0CB6DC-02CA-4844-90AD-392C40190BC9}.Release|x86.ActiveCfg = Release|Any CPU
		{EA0CB6DC-02CA-4844-90AD-392C40190BC9}.Release|x86.Build.0 = Release|Any CPU
		{CFB56B15-DD0E-4055-A62F-D6E72976CC8F}.Debug|Any CPU.ActiveCfg = Debug|Any CPU
		{CFB56B15-DD0E-4055-A62F-D6E72976CC8F}.Debug|Any CPU.Build.0 = Debug|Any CPU
		{CFB56B15-DD0E-4055-A62F-D6E72976CC8F}.Debug|x64.ActiveCfg = Debug|Any CPU
		{CFB56B15-DD0E-4055-A62F-D6E72976CC8F}.Debug|x64.Build.0 = Debug|Any CPU
		{CFB56B15-DD0E-4055-A62F-D6E72976CC8F}.Debug|x86.ActiveCfg = Debug|Any CPU
		{CFB56B15-DD0E-4055-A62F-D6E72976CC8F}.Debug|x86.Build.0 = Debug|Any CPU
		{CFB56B15-DD0E-4055-A62F-D6E72976CC8F}.Release|Any CPU.ActiveCfg = Release|Any CPU
		{CFB56B15-DD0E-4055-A62F-D6E72976CC8F}.Release|Any CPU.Build.0 = Release|Any CPU
		{CFB56B15-DD0E-4055-A62F-D6E72976CC8F}.Release|x64.ActiveCfg = Release|Any CPU
		{CFB56B15-DD0E-4055-A62F-D6E72976CC8F}.Release|x64.Build.0 = Release|Any CPU
		{CFB56B15-DD0E-4055-A62F-D6E72976CC8F}.Release|x86.ActiveCfg = Release|Any CPU
		{CFB56B15-DD0E-4055-A62F-D6E72976CC8F}.Release|x86.Build.0 = Release|Any CPU
		{EC6384E6-CC7E-4D7A-BD78-8E155B16B1B1}.Debug|Any CPU.ActiveCfg = Debug|Any CPU
		{EC6384E6-CC7E-4D7A-BD78-8E155B16B1B1}.Debug|Any CPU.Build.0 = Debug|Any CPU
		{EC6384E6-CC7E-4D7A-BD78-8E155B16B1B1}.Debug|x64.ActiveCfg = Debug|Any CPU
		{EC6384E6-CC7E-4D7A-BD78-8E155B16B1B1}.Debug|x64.Build.0 = Debug|Any CPU
		{EC6384E6-CC7E-4D7A-BD78-8E155B16B1B1}.Debug|x86.ActiveCfg = Debug|Any CPU
		{EC6384E6-CC7E-4D7A-BD78-8E155B16B1B1}.Debug|x86.Build.0 = Debug|Any CPU
		{EC6384E6-CC7E-4D7A-BD78-8E155B16B1B1}.Release|Any CPU.ActiveCfg = Release|Any CPU
		{EC6384E6-CC7E-4D7A-BD78-8E155B16B1B1}.Release|Any CPU.Build.0 = Release|Any CPU
		{EC6384E6-CC7E-4D7A-BD78-8E155B16B1B1}.Release|x64.ActiveCfg = Release|Any CPU
		{EC6384E6-CC7E-4D7A-BD78-8E155B16B1B1}.Release|x64.Build.0 = Release|Any CPU
		{EC6384E6-CC7E-4D7A-BD78-8E155B16B1B1}.Release|x86.ActiveCfg = Release|Any CPU
		{EC6384E6-CC7E-4D7A-BD78-8E155B16B1B1}.Release|x86.Build.0 = Release|Any CPU
		{384B9AD3-586E-4D07-9B9C-1260682FB3A2}.Debug|Any CPU.ActiveCfg = Debug|Any CPU
		{384B9AD3-586E-4D07-9B9C-1260682FB3A2}.Debug|Any CPU.Build.0 = Debug|Any CPU
		{384B9AD3-586E-4D07-9B9C-1260682FB3A2}.Debug|x64.ActiveCfg = Debug|Any CPU
		{384B9AD3-586E-4D07-9B9C-1260682FB3A2}.Debug|x64.Build.0 = Debug|Any CPU
		{384B9AD3-586E-4D07-9B9C-1260682FB3A2}.Debug|x86.ActiveCfg = Debug|Any CPU
		{384B9AD3-586E-4D07-9B9C-1260682FB3A2}.Debug|x86.Build.0 = Debug|Any CPU
		{384B9AD3-586E-4D07-9B9C-1260682FB3A2}.Release|Any CPU.ActiveCfg = Release|Any CPU
		{384B9AD3-586E-4D07-9B9C-1260682FB3A2}.Release|Any CPU.Build.0 = Release|Any CPU
		{384B9AD3-586E-4D07-9B9C-1260682FB3A2}.Release|x64.ActiveCfg = Release|Any CPU
		{384B9AD3-586E-4D07-9B9C-1260682FB3A2}.Release|x64.Build.0 = Release|Any CPU
		{384B9AD3-586E-4D07-9B9C-1260682FB3A2}.Release|x86.ActiveCfg = Release|Any CPU
		{384B9AD3-586E-4D07-9B9C-1260682FB3A2}.Release|x86.Build.0 = Release|Any CPU
	EndGlobalSection
	GlobalSection(SolutionProperties) = preSolution
		HideSolutionNode = FALSE
	EndGlobalSection
	GlobalSection(NestedProjects) = preSolution
		{E954835B-48AD-4092-87A8-D0FB0C43DB99} = {15316C41-0C07-4A56-894A-43E2E2C4296A}
	EndGlobalSection
	GlobalSection(ExtensibilityGlobals) = postSolution
		SolutionGuid = {4F51EF50-49C9-48FD-AFAE-B8875793EA10}
	EndGlobalSection
EndGlobal
